dependencies:
- name: redis
  repository: https://charts.bitnami.com/bitnami
  version: 10.5.14
- name: postgresql
  repository: https://charts.bitnami.com/bitnami
  version: 8.9.3
- name: mongodb
  repository: https://charts.bitnami.com/bitnami
  version: 7.14.0
- name: memcached
  repository: https://charts.bitnami.com/bitnami
  version: 4.2.17
- name: rabbitmq
  repository: https://charts.bitnami.com/bitnami
  version: 6.25.6
digest: sha256:59905be690eae67d71a7f6a26131b233b510c73690b699c9e486b3d836f1570a
generated: "2020-05-02T13:22:46.426794+08:00"
